
Microsoft Visual Studio Solution File, Format Version 12.00
# Visual Studio Version 16
VisualStudioVersion = 25.0.1706.5
MinimumVisualStudioVersion = 10.0.40219.1
Project("{2150E333-8FDC-42A3-9474-1A3956D46DE8}") = "1 - Presentations", "1 - Presentations", "{D7A176B0-7D4C-4AA1-A6FF-3D94AAEDEB0D}"
EndProject
Project("{2150E333-8FDC-42A3-9474-1A3956D46DE8}") = "2 - Applications", "2 - Applications", "{45178FD1-2EBE-48AF-A70C-93643464348A}"
EndProject
Project("{2150E333-8FDC-42A3-9474-1A3956D46DE8}") = "3 - Domains", "3 - Domains", "{D71147E3-3357-47B6-95F1-3D1BC064401A}"
EndProject
Project("{2150E333-8FDC-42A3-9474-1A3956D46DE8}") = "4 - Infrastructure", "4 - Infrastructure", "{1187B53E-0098-4071-B03E-5D16944EFB6B}"
EndProject
Project("{2150E333-8FDC-42A3-9474-1A3956D46DE8}") = "3.1 - Core", "3.1 - Core", "{01415D79-0FC8-49B0-86B1-AB6D57E85DB3}"
EndProject
Project("{2150E333-8FDC-42A3-9474-1A3956D46DE8}") = "3.2 - Shared", "3.2 - Shared", "{0AB61E5A-BA39-49A3-B1B7-637E7F938AB2}"
EndProject
Project("{FAE04EC0-301F-11D3-BF4B-00C04F79EFBC}") = "IBGE.Domains.Core", "IBGE.Domains.Core\IBGE.Domains.Core.csproj", "{5D7ECEC5-929E-4510-B3FE-92BC43FD1970}"
EndProject
Project("{FAE04EC0-301F-11D3-BF4B-00C04F79EFBC}") = "IBGE.Domains.Shared", "IBGE.Domains.Shared\IBGE.Domains.Shared.csproj", "{DEDA502E-76A6-423F-AD64-A908505DA826}"
EndProject
Project("{2150E333-8FDC-42A3-9474-1A3956D46DE8}") = "3.2.1 - Abstraction", "3.2.1 - Abstraction", "{AE8F03E0-4F45-456A-BF35-BDAD5F1D677C}"
EndProject
Project("{FAE04EC0-301F-11D3-BF4B-00C04F79EFBC}") = "IBGE.Domains.Shared.Abstraction", "IBGE.Domains.Shared.Abstraction\IBGE.Domains.Shared.Abstraction.csproj", "{6A6020E9-E0DE-44C5-AE3B-B5B4D77B1C9F}"
EndProject
Project("{2150E333-8FDC-42A3-9474-1A3956D46DE8}") = "4.1 - Persistence", "4.1 - Persistence", "{57737F6F-15F3-4D9C-8FF6-30CBE77BB6C2}"
EndProject
Project("{2150E333-8FDC-42A3-9474-1A3956D46DE8}") = "4.2 - Repository", "4.2 - Repository", "{3AD448E0-CC40-4A0E-880E-370402653196}"
EndProject
Project("{2150E333-8FDC-42A3-9474-1A3956D46DE8}") = "4.3 - Logging", "4.3 - Logging", "{0869F828-7792-4B7B-B3D6-3F9619BF6E6D}"
EndProject
Project("{2150E333-8FDC-42A3-9474-1A3956D46DE8}") = "4.4 - DI", "4.4 - DI", "{1D38906C-ADDF-4947-B474-7058AE7309F4}"
EndProject
Project("{FAE04EC0-301F-11D3-BF4B-00C04F79EFBC}") = "IBGE.Infrastructure.Persistence", "IBGE.Infrastructure.Persistence\IBGE.Infrastructure.Persistence.csproj", "{B25CE095-5324-4D85-821D-F9F1471C592A}"
EndProject
Project("{FAE04EC0-301F-11D3-BF4B-00C04F79EFBC}") = "IBGE.Infrastructure.Repository", "IBGE.Infrastructure.Repository\IBGE.Infrastructure.Repository.csproj", "{15693D34-7097-4B16-8598-5FA23E0E94A2}"
EndProject
Project("{FAE04EC0-301F-11D3-BF4B-00C04F79EFBC}") = "IBGE.Infrastructure.Logging", "IBGE.Infrastructure.Logging\IBGE.Infrastructure.Logging.csproj", "{41C1CA35-C82E-4671-BE07-B5185A136F56}"
EndProject
Project("{FAE04EC0-301F-11D3-BF4B-00C04F79EFBC}") = "IBGE.Infrastructure.DI", "IBGE.Infrastructure.DI\IBGE.Infrastructure.DI.csproj", "{FAD101B1-46AE-45C2-B26A-B967BF94B6CA}"
EndProject
Project("{2150E333-8FDC-42A3-9474-1A3956D46DE8}") = "2.1 - Core", "2.1 - Core", "{9071FAEC-F52D-4132-9221-D4083D25A29E}"
EndProject
Project("{FAE04EC0-301F-11D3-BF4B-00C04F79EFBC}") = "IBGE.Applications.Core", "IBGE.Applications.Core\IBGE.Applications.Core.csproj", "{61E0FE72-F21C-4000-98E2-FD157D52AD3A}"
EndProject
Global
	GlobalSection(SolutionConfigurationPlatforms) = preSolution
		Debug|Any CPU = Debug|Any CPU
		Release|Any CPU = Release|Any CPU
	EndGlobalSection
	GlobalSection(ProjectConfigurationPlatforms) = postSolution
		{5D7ECEC5-929E-4510-B3FE-92BC43FD1970}.Debug|Any CPU.ActiveCfg = Debug|Any CPU
		{5D7ECEC5-929E-4510-B3FE-92BC43FD1970}.Debug|Any CPU.Build.0 = Debug|Any CPU
		{5D7ECEC5-929E-4510-B3FE-92BC43FD1970}.Release|Any CPU.ActiveCfg = Release|Any CPU
		{5D7ECEC5-929E-4510-B3FE-92BC43FD1970}.Release|Any CPU.Build.0 = Release|Any CPU
		{DEDA502E-76A6-423F-AD64-A908505DA826}.Debug|Any CPU.ActiveCfg = Debug|Any CPU
		{DEDA502E-76A6-423F-AD64-A908505DA826}.Debug|Any CPU.Build.0 = Debug|Any CPU
		{DEDA502E-76A6-423F-AD64-A908505DA826}.Release|Any CPU.ActiveCfg = Release|Any CPU
		{DEDA502E-76A6-423F-AD64-A908505DA826}.Release|Any CPU.Build.0 = Release|Any CPU
		{6A6020E9-E0DE-44C5-AE3B-B5B4D77B1C9F}.Debug|Any CPU.ActiveCfg = Debug|Any CPU
		{6A6020E9-E0DE-44C5-AE3B-B5B4D77B1C9F}.Debug|Any CPU.Build.0 = Debug|Any CPU
		{6A6020E9-E0DE-44C5-AE3B-B5B4D77B1C9F}.Release|Any CPU.ActiveCfg = Release|Any CPU
		{6A6020E9-E0DE-44C5-AE3B-B5B4D77B1C9F}.Release|Any CPU.Build.0 = Release|Any CPU
		{B25CE095-5324-4D85-821D-F9F1471C592A}.Debug|Any CPU.ActiveCfg = Debug|Any CPU
		{B25CE095-5324-4D85-821D-F9F1471C592A}.Debug|Any CPU.Build.0 = Debug|Any CPU
		{B25CE095-5324-4D85-821D-F9F1471C592A}.Release|Any CPU.ActiveCfg = Release|Any CPU
		{B25CE095-5324-4D85-821D-F9F1471C592A}.Release|Any CPU.Build.0 = Release|Any CPU
		{15693D34-7097-4B16-8598-5FA23E0E94A2}.Debug|Any CPU.ActiveCfg = Debug|Any CPU
		{15693D34-7097-4B16-8598-5FA23E0E94A2}.Debug|Any CPU.Build.0 = Debug|Any CPU
		{15693D34-7097-4B16-8598-5FA23E0E94A2}.Release|Any CPU.ActiveCfg = Release|Any CPU
		{15693D34-7097-4B16-8598-5FA23E0E94A2}.Release|Any CPU.Build.0 = Release|Any CPU
		{41C1CA35-C82E-4671-BE07-B5185A136F56}.Debug|Any CPU.ActiveCfg = Debug|Any CPU
		{41C1CA35-C82E-4671-BE07-B5185A136F56}.Debug|Any CPU.Build.0 = Debug|Any CPU
		{41C1CA35-C82E-4671-BE07-B5185A136F56}.Release|Any CPU.ActiveCfg = Release|Any CPU
		{41C1CA35-C82E-4671-BE07-B5185A136F56}.Release|Any CPU.Build.0 = Release|Any CPU
		{FAD101B1-46AE-45C2-B26A-B967BF94B6CA}.Debug|Any CPU.ActiveCfg = Debug|Any CPU
		{FAD101B1-46AE-45C2-B26A-B967BF94B6CA}.Debug|Any CPU.Build.0 = Debug|Any CPU
		{FAD101B1-46AE-45C2-B26A-B967BF94B6CA}.Release|Any CPU.ActiveCfg = Release|Any CPU
		{FAD101B1-46AE-45C2-B26A-B967BF94B6CA}.Release|Any CPU.Build.0 = Release|Any CPU
		{61E0FE72-F21C-4000-98E2-FD157D52AD3A}.Debug|Any CPU.ActiveCfg = Debug|Any CPU
		{61E0FE72-F21C-4000-98E2-FD157D52AD3A}.Debug|Any CPU.Build.0 = Debug|Any CPU
		{61E0FE72-F21C-4000-98E2-FD157D52AD3A}.Release|Any CPU.ActiveCfg = Release|Any CPU
		{61E0FE72-F21C-4000-98E2-FD157D52AD3A}.Release|Any CPU.Build.0 = Release|Any CPU
	EndGlobalSection
	GlobalSection(SolutionProperties) = preSolution
		HideSolutionNode = FALSE
	EndGlobalSection
	GlobalSection(ExtensibilityGlobals) = postSolution
		SolutionGuid = {4492547A-D927-44DD-A867-DA253782D582}
	EndGlobalSection
	GlobalSection(NestedProjects) = preSolution
		{01415D79-0FC8-49B0-86B1-AB6D57E85DB3} = {D71147E3-3357-47B6-95F1-3D1BC064401A}
		{0AB61E5A-BA39-49A3-B1B7-637E7F938AB2} = {D71147E3-3357-47B6-95F1-3D1BC064401A}
		{5D7ECEC5-929E-4510-B3FE-92BC43FD1970} = {01415D79-0FC8-49B0-86B1-AB6D57E85DB3}
		{DEDA502E-76A6-423F-AD64-A908505DA826} = {0AB61E5A-BA39-49A3-B1B7-637E7F938AB2}
		{AE8F03E0-4F45-456A-BF35-BDAD5F1D677C} = {D71147E3-3357-47B6-95F1-3D1BC064401A}
		{6A6020E9-E0DE-44C5-AE3B-B5B4D77B1C9F} = {AE8F03E0-4F45-456A-BF35-BDAD5F1D677C}
		{57737F6F-15F3-4D9C-8FF6-30CBE77BB6C2} = {1187B53E-0098-4071-B03E-5D16944EFB6B}
		{3AD448E0-CC40-4A0E-880E-370402653196} = {1187B53E-0098-4071-B03E-5D16944EFB6B}
		{0869F828-7792-4B7B-B3D6-3F9619BF6E6D} = {1187B53E-0098-4071-B03E-5D16944EFB6B}
		{1D38906C-ADDF-4947-B474-7058AE7309F4} = {1187B53E-0098-4071-B03E-5D16944EFB6B}
		{B25CE095-5324-4D85-821D-F9F1471C592A} = {57737F6F-15F3-4D9C-8FF6-30CBE77BB6C2}
		{15693D34-7097-4B16-8598-5FA23E0E94A2} = {3AD448E0-CC40-4A0E-880E-370402653196}
		{41C1CA35-C82E-4671-BE07-B5185A136F56} = {0869F828-7792-4B7B-B3D6-3F9619BF6E6D}
		{FAD101B1-46AE-45C2-B26A-B967BF94B6CA} = {1D38906C-ADDF-4947-B474-7058AE7309F4}
		{9071FAEC-F52D-4132-9221-D4083D25A29E} = {45178FD1-2EBE-48AF-A70C-93643464348A}
		{61E0FE72-F21C-4000-98E2-FD157D52AD3A} = {9071FAEC-F52D-4132-9221-D4083D25A29E}
	EndGlobalSection
EndGlobal
